
Microsoft Visual Studio Solution File, Format Version 12.00
# Visual Studio 2015
Project("{FAE04EC0-301F-11D3-BF4B-00C04F79EFBC}") = "BasketVR.CSharp", "BasketVR.CSharp.csproj", "{F820EB77-BC78-62C6-67AD-CF423E9A6E98}"
EndProject
Project("{FAE04EC0-301F-11D3-BF4B-00C04F79EFBC}") = "BasketVR.CSharp.Editor", "BasketVR.CSharp.Editor.csproj", "{BA72B5F0-82DE-A98A-FB8F-EE76C0E54E4E}"
EndProject
Global
	GlobalSection(SolutionConfigurationPlatforms) = preSolution
		Debug|Any CPU = Debug|Any CPU
		Release|Any CPU = Release|Any CPU
	EndGlobalSection
	GlobalSection(ProjectConfigurationPlatforms) = postSolution
		{F820EB77-BC78-62C6-67AD-CF423E9A6E98}.Debug|Any CPU.ActiveCfg = Debug|Any CPU
		{F820EB77-BC78-62C6-67AD-CF423E9A6E98}.Debug|Any CPU.Build.0 = Debug|Any CPU
		{F820EB77-BC78-62C6-67AD-CF423E9A6E98}.Release|Any CPU.ActiveCfg = Release|Any CPU
		{F820EB77-BC78-62C6-67AD-CF423E9A6E98}.Release|Any CPU.Build.0 = Release|Any CPU
		{BA72B5F0-82DE-A98A-FB8F-EE76C0E54E4E}.Debug|Any CPU.ActiveCfg = Debug|Any CPU
		{BA72B5F0-82DE-A98A-FB8F-EE76C0E54E4E}.Debug|Any CPU.Build.0 = Debug|Any CPU
		{BA72B5F0-82DE-A98A-FB8F-EE76C0E54E4E}.Release|Any CPU.ActiveCfg = Release|Any CPU
		{BA72B5F0-82DE-A98A-FB8F-EE76C0E54E4E}.Release|Any CPU.Build.0 = Release|Any CPU
	EndGlobalSection
	GlobalSection(SolutionProperties) = preSolution
		HideSolutionNode = FALSE
	EndGlobalSection
EndGlobal
